// !$*UTF8*$!
{
	archiveVersion = 1;
	classes = {
	};
	objectVersion = 56;
	objects = {

/* Begin PBXBuildFile section */
		0172DD86292CF50B00F9E3D7 /* RegisterView.swift in Sources */ = {isa = PBXBuildFile; fileRef = 0172DD85292CF50B00F9E3D7 /* RegisterView.swift */; };
		0172DD88292CF51B00F9E3D7 /* RegisterViewController.swift in Sources */ = {isa = PBXBuildFile; fileRef = 0172DD87292CF51B00F9E3D7 /* RegisterViewController.swift */; };
		0172DD8A292CF53900F9E3D7 /* RegisterCoordinator.swift in Sources */ = {isa = PBXBuildFile; fileRef = 0172DD89292CF53900F9E3D7 /* RegisterCoordinator.swift */; };
		0172DD8D292D0C2900F9E3D7 /* HomeView.swift in Sources */ = {isa = PBXBuildFile; fileRef = 0172DD8C292D0C2900F9E3D7 /* HomeView.swift */; };
		0172DD90292D0C4300F9E3D7 /* HomeViewController.swift in Sources */ = {isa = PBXBuildFile; fileRef = 0172DD8F292D0C4300F9E3D7 /* HomeViewController.swift */; };
		0172DD92292D0C7000F9E3D7 /* HomeCoordinator.swift in Sources */ = {isa = PBXBuildFile; fileRef = 0172DD91292D0C7000F9E3D7 /* HomeCoordinator.swift */; };
		0172DD94292D0F9300F9E3D7 /* ViewControllerDefault.swift in Sources */ = {isa = PBXBuildFile; fileRef = 0172DD93292D0F9300F9E3D7 /* ViewControllerDefault.swift */; };
		0172DD96292D139200F9E3D7 /* ViewDefault.swift in Sources */ = {isa = PBXBuildFile; fileRef = 0172DD95292D139200F9E3D7 /* ViewDefault.swift */; };
		018E4BC7292F9A0400EFF95C /* TabbarController.swift in Sources */ = {isa = PBXBuildFile; fileRef = 018E4BC6292F9A0400EFF95C /* TabbarController.swift */; };
		018E4BC9292F9A1F00EFF95C /* SobreView.swift in Sources */ = {isa = PBXBuildFile; fileRef = 018E4BC8292F9A1F00EFF95C /* SobreView.swift */; };
		018E4BCB292F9A2F00EFF95C /* SobreViewController.swift in Sources */ = {isa = PBXBuildFile; fileRef = 018E4BCA292F9A2E00EFF95C /* SobreViewController.swift */; };
		018E4BCD292F9A4300EFF95C /* NovaOcorrenciaView.swift in Sources */ = {isa = PBXBuildFile; fileRef = 018E4BCC292F9A4300EFF95C /* NovaOcorrenciaView.swift */; };
		018E4BCF292F9A4F00EFF95C /* NovaOcorrenciaViewController.swift in Sources */ = {isa = PBXBuildFile; fileRef = 018E4BCE292F9A4F00EFF95C /* NovaOcorrenciaViewController.swift */; };
		018E4BD1292F9A8100EFF95C /* NovaOcorrenciaCoordinator.swift in Sources */ = {isa = PBXBuildFile; fileRef = 018E4BD0292F9A8100EFF95C /* NovaOcorrenciaCoordinator.swift */; };
		018E4BD3292F9A8F00EFF95C /* TabbarCoordinator.swift in Sources */ = {isa = PBXBuildFile; fileRef = 018E4BD2292F9A8F00EFF95C /* TabbarCoordinator.swift */; };
		018E4BD5292F9A9C00EFF95C /* SobreCoordinator.swift in Sources */ = {isa = PBXBuildFile; fileRef = 018E4BD4292F9A9C00EFF95C /* SobreCoordinator.swift */; };
		01B1C0E129251BDB004DC323 /* AppDelegate.swift in Sources */ = {isa = PBXBuildFile; fileRef = 01B1C0E029251BDB004DC323 /* AppDelegate.swift */; };
		01B1C0E329251BDB004DC323 /* SceneDelegate.swift in Sources */ = {isa = PBXBuildFile; fileRef = 01B1C0E229251BDB004DC323 /* SceneDelegate.swift */; };
		01B1C0E529251BDB004DC323 /* ViewController.swift in Sources */ = {isa = PBXBuildFile; fileRef = 01B1C0E429251BDB004DC323 /* ViewController.swift */; };
		01B1C0E829251BDB004DC323 /* Main.storyboard in Resources */ = {isa = PBXBuildFile; fileRef = 01B1C0E629251BDB004DC323 /* Main.storyboard */; };
		01B1C0EB29251BDB004DC323 /* AppCBMDF.xcdatamodeld in Sources */ = {isa = PBXBuildFile; fileRef = 01B1C0E929251BDB004DC323 /* AppCBMDF.xcdatamodeld */; };
		01B1C0ED29251BDC004DC323 /* Assets.xcassets in Resources */ = {isa = PBXBuildFile; fileRef = 01B1C0EC29251BDC004DC323 /* Assets.xcassets */; };
		01B1C0F029251BDC004DC323 /* LaunchScreen.storyboard in Resources */ = {isa = PBXBuildFile; fileRef = 01B1C0EE29251BDC004DC323 /* LaunchScreen.storyboard */; };
		01B1C0FB29251BDD004DC323 /* AppCBMDFTests.swift in Sources */ = {isa = PBXBuildFile; fileRef = 01B1C0FA29251BDD004DC323 /* AppCBMDFTests.swift */; };
		01B1C10529251BDD004DC323 /* AppCBMDFUITests.swift in Sources */ = {isa = PBXBuildFile; fileRef = 01B1C10429251BDD004DC323 /* AppCBMDFUITests.swift */; };
		01B1C10729251BDD004DC323 /* AppCBMDFUITestsLaunchTests.swift in Sources */ = {isa = PBXBuildFile; fileRef = 01B1C10629251BDD004DC323 /* AppCBMDFUITestsLaunchTests.swift */; };
		01B1C11729251F80004DC323 /* LoginViewController.swift in Sources */ = {isa = PBXBuildFile; fileRef = 01B1C11629251F7F004DC323 /* LoginViewController.swift */; };
		01B1C11929251F8E004DC323 /* LoginView.swift in Sources */ = {isa = PBXBuildFile; fileRef = 01B1C11829251F8E004DC323 /* LoginView.swift */; };
		01B1C11B29251F9F004DC323 /* Coordinator.swift in Sources */ = {isa = PBXBuildFile; fileRef = 01B1C11A29251F9F004DC323 /* Coordinator.swift */; };
		01B1C11D29251FAC004DC323 /* LoginCoordinator.swift in Sources */ = {isa = PBXBuildFile; fileRef = 01B1C11C29251FAC004DC323 /* LoginCoordinator.swift */; };
		01B1C12529266B08004DC323 /* UIcolor+.swift in Sources */ = {isa = PBXBuildFile; fileRef = 01B1C12429266B08004DC323 /* UIcolor+.swift */; };
		01B1C12829267194004DC323 /* ButtonDefault.swift in Sources */ = {isa = PBXBuildFile; fileRef = 01B1C12729267194004DC323 /* ButtonDefault.swift */; };
		01B1C12A29267518004DC323 /* LabelDefault.swift in Sources */ = {isa = PBXBuildFile; fileRef = 01B1C12929267518004DC323 /* LabelDefault.swift */; };
		01B1C12C29267585004DC323 /* TextFieldDefault.swift in Sources */ = {isa = PBXBuildFile; fileRef = 01B1C12B29267585004DC323 /* TextFieldDefault.swift */; };
		01B1C12E292675D9004DC323 /* ImageDefault.swift in Sources */ = {isa = PBXBuildFile; fileRef = 01B1C12D292675D9004DC323 /* ImageDefault.swift */; };
/* End PBXBuildFile section */

/* Begin PBXContainerItemProxy section */
		01B1C0F729251BDD004DC323 /* PBXContainerItemProxy */ = {
			isa = PBXContainerItemProxy;
			containerPortal = 01B1C0D529251BDB004DC323 /* Project object */;
			proxyType = 1;
			remoteGlobalIDString = 01B1C0DC29251BDB004DC323;
			remoteInfo = AppCBMDF;
		};
		01B1C10129251BDD004DC323 /* PBXContainerItemProxy */ = {
			isa = PBXContainerItemProxy;
			containerPortal = 01B1C0D529251BDB004DC323 /* Project object */;
			proxyType = 1;
			remoteGlobalIDString = 01B1C0DC29251BDB004DC323;
			remoteInfo = AppCBMDF;
		};
/* End PBXContainerItemProxy section */

/* Begin PBXFileReference section */
		0172DD85292CF50B00F9E3D7 /* RegisterView.swift */ = {isa = PBXFileReference; lastKnownFileType = sourcecode.swift; path = RegisterView.swift; sourceTree = "<group>"; };
		0172DD87292CF51B00F9E3D7 /* RegisterViewController.swift */ = {isa = PBXFileReference; lastKnownFileType = sourcecode.swift; path = RegisterViewController.swift; sourceTree = "<group>"; };
		0172DD89292CF53900F9E3D7 /* RegisterCoordinator.swift */ = {isa = PBXFileReference; lastKnownFileType = sourcecode.swift; path = RegisterCoordinator.swift; sourceTree = "<group>"; };
		0172DD8C292D0C2900F9E3D7 /* HomeView.swift */ = {isa = PBXFileReference; lastKnownFileType = sourcecode.swift; path = HomeView.swift; sourceTree = "<group>"; };
		0172DD8F292D0C4300F9E3D7 /* HomeViewController.swift */ = {isa = PBXFileReference; lastKnownFileType = sourcecode.swift; path = HomeViewController.swift; sourceTree = "<group>"; };
		0172DD91292D0C7000F9E3D7 /* HomeCoordinator.swift */ = {isa = PBXFileReference; lastKnownFileType = sourcecode.swift; path = HomeCoordinator.swift; sourceTree = "<group>"; };
		0172DD93292D0F9300F9E3D7 /* ViewControllerDefault.swift */ = {isa = PBXFileReference; lastKnownFileType = sourcecode.swift; path = ViewControllerDefault.swift; sourceTree = "<group>"; };
		0172DD95292D139200F9E3D7 /* ViewDefault.swift */ = {isa = PBXFileReference; lastKnownFileType = sourcecode.swift; path = ViewDefault.swift; sourceTree = "<group>"; };
		018E4BC6292F9A0400EFF95C /* TabbarController.swift */ = {isa = PBXFileReference; lastKnownFileType = sourcecode.swift; path = TabbarController.swift; sourceTree = "<group>"; };
		018E4BC8292F9A1F00EFF95C /* SobreView.swift */ = {isa = PBXFileReference; lastKnownFileType = sourcecode.swift; path = SobreView.swift; sourceTree = "<group>"; };
		018E4BCA292F9A2E00EFF95C /* SobreViewController.swift */ = {isa = PBXFileReference; lastKnownFileType = sourcecode.swift; path = SobreViewController.swift; sourceTree = "<group>"; };
		018E4BCC292F9A4300EFF95C /* NovaOcorrenciaView.swift */ = {isa = PBXFileReference; lastKnownFileType = sourcecode.swift; path = NovaOcorrenciaView.swift; sourceTree = "<group>"; };
		018E4BCE292F9A4F00EFF95C /* NovaOcorrenciaViewController.swift */ = {isa = PBXFileReference; lastKnownFileType = sourcecode.swift; path = NovaOcorrenciaViewController.swift; sourceTree = "<group>"; };
		018E4BD0292F9A8100EFF95C /* NovaOcorrenciaCoordinator.swift */ = {isa = PBXFileReference; lastKnownFileType = sourcecode.swift; path = NovaOcorrenciaCoordinator.swift; sourceTree = "<group>"; };
		018E4BD2292F9A8F00EFF95C /* TabbarCoordinator.swift */ = {isa = PBXFileReference; lastKnownFileType = sourcecode.swift; path = TabbarCoordinator.swift; sourceTree = "<group>"; };
		018E4BD4292F9A9C00EFF95C /* SobreCoordinator.swift */ = {isa = PBXFileReference; lastKnownFileType = sourcecode.swift; path = SobreCoordinator.swift; sourceTree = "<group>"; };
		01B1C0DD29251BDB004DC323 /* AppCBMDF.app */ = {isa = PBXFileReference; explicitFileType = wrapper.application; includeInIndex = 0; path = AppCBMDF.app; sourceTree = BUILT_PRODUCTS_DIR; };
		01B1C0E029251BDB004DC323 /* AppDelegate.swift */ = {isa = PBXFileReference; lastKnownFileType = sourcecode.swift; path = AppDelegate.swift; sourceTree = "<group>"; };
		01B1C0E229251BDB004DC323 /* SceneDelegate.swift */ = {isa = PBXFileReference; lastKnownFileType = sourcecode.swift; path = SceneDelegate.swift; sourceTree = "<group>"; };
		01B1C0E429251BDB004DC323 /* ViewController.swift */ = {isa = PBXFileReference; lastKnownFileType = sourcecode.swift; path = ViewController.swift; sourceTree = "<group>"; };
		01B1C0E729251BDB004DC323 /* Base */ = {isa = PBXFileReference; lastKnownFileType = file.storyboard; name = Base; path = Base.lproj/Main.storyboard; sourceTree = "<group>"; };
		01B1C0EA29251BDB004DC323 /* AppCBMDF.xcdatamodel */ = {isa = PBXFileReference; lastKnownFileType = wrapper.xcdatamodel; path = AppCBMDF.xcdatamodel; sourceTree = "<group>"; };
		01B1C0EC29251BDC004DC323 /* Assets.xcassets */ = {isa = PBXFileReference; lastKnownFileType = folder.assetcatalog; path = Assets.xcassets; sourceTree = "<group>"; };
		01B1C0EF29251BDC004DC323 /* Base */ = {isa = PBXFileReference; lastKnownFileType = file.storyboard; name = Base; path = Base.lproj/LaunchScreen.storyboard; sourceTree = "<group>"; };
		01B1C0F129251BDC004DC323 /* Info.plist */ = {isa = PBXFileReference; lastKnownFileType = text.plist.xml; path = Info.plist; sourceTree = "<group>"; };
		01B1C0F629251BDD004DC323 /* AppCBMDFTests.xctest */ = {isa = PBXFileReference; explicitFileType = wrapper.cfbundle; includeInIndex = 0; path = AppCBMDFTests.xctest; sourceTree = BUILT_PRODUCTS_DIR; };
		01B1C0FA29251BDD004DC323 /* AppCBMDFTests.swift */ = {isa = PBXFileReference; lastKnownFileType = sourcecode.swift; path = AppCBMDFTests.swift; sourceTree = "<group>"; };
		01B1C10029251BDD004DC323 /* AppCBMDFUITests.xctest */ = {isa = PBXFileReference; explicitFileType = wrapper.cfbundle; includeInIndex = 0; path = AppCBMDFUITests.xctest; sourceTree = BUILT_PRODUCTS_DIR; };
		01B1C10429251BDD004DC323 /* AppCBMDFUITests.swift */ = {isa = PBXFileReference; lastKnownFileType = sourcecode.swift; path = AppCBMDFUITests.swift; sourceTree = "<group>"; };
		01B1C10629251BDD004DC323 /* AppCBMDFUITestsLaunchTests.swift */ = {isa = PBXFileReference; lastKnownFileType = sourcecode.swift; path = AppCBMDFUITestsLaunchTests.swift; sourceTree = "<group>"; };
		01B1C11629251F7F004DC323 /* LoginViewController.swift */ = {isa = PBXFileReference; lastKnownFileType = sourcecode.swift; path = LoginViewController.swift; sourceTree = "<group>"; };
		01B1C11829251F8E004DC323 /* LoginView.swift */ = {isa = PBXFileReference; lastKnownFileType = sourcecode.swift; path = LoginView.swift; sourceTree = "<group>"; };
		01B1C11A29251F9F004DC323 /* Coordinator.swift */ = {isa = PBXFileReference; lastKnownFileType = sourcecode.swift; path = Coordinator.swift; sourceTree = "<group>"; };
		01B1C11C29251FAC004DC323 /* LoginCoordinator.swift */ = {isa = PBXFileReference; lastKnownFileType = sourcecode.swift; path = LoginCoordinator.swift; sourceTree = "<group>"; };
		01B1C12429266B08004DC323 /* UIcolor+.swift */ = {isa = PBXFileReference; lastKnownFileType = sourcecode.swift; name = "UIcolor+.swift"; path = "../../../../../../Library/Mobile Documents/com~apple~CloudDocs/.Trash/AppCBMDF/Source/Extensions/UIcolor+.swift"; sourceTree = "<group>"; };
		01B1C12729267194004DC323 /* ButtonDefault.swift */ = {isa = PBXFileReference; lastKnownFileType = sourcecode.swift; name = ButtonDefault.swift; path = ../../../../../../ButtonDefault.swift; sourceTree = "<group>"; };
		01B1C12929267518004DC323 /* LabelDefault.swift */ = {isa = PBXFileReference; lastKnownFileType = sourcecode.swift; name = LabelDefault.swift; path = ../../../../../../LabelDefault.swift; sourceTree = "<group>"; };
		01B1C12B29267585004DC323 /* TextFieldDefault.swift */ = {isa = PBXFileReference; lastKnownFileType = sourcecode.swift; name = TextFieldDefault.swift; path = ../../../../../../TextFieldDefault.swift; sourceTree = "<group>"; };
		01B1C12D292675D9004DC323 /* ImageDefault.swift */ = {isa = PBXFileReference; lastKnownFileType = sourcecode.swift; name = ImageDefault.swift; path = ../../../../../../ImageDefault.swift; sourceTree = "<group>"; };
/* End PBXFileReference section */

/* Begin PBXFrameworksBuildPhase section */
		01B1C0DA29251BDB004DC323 /* Frameworks */ = {
			isa = PBXFrameworksBuildPhase;
			buildActionMask = 2147483647;
			files = (
			);
			runOnlyForDeploymentPostprocessing = 0;
		};
		01B1C0F329251BDD004DC323 /* Frameworks */ = {
			isa = PBXFrameworksBuildPhase;
			buildActionMask = 2147483647;
			files = (
			);
			runOnlyForDeploymentPostprocessing = 0;
		};
		01B1C0FD29251BDD004DC323 /* Frameworks */ = {
			isa = PBXFrameworksBuildPhase;
			buildActionMask = 2147483647;
			files = (
			);
			runOnlyForDeploymentPostprocessing = 0;
		};
/* End PBXFrameworksBuildPhase section */

/* Begin PBXGroup section */
		0172DD83292CF4D500F9E3D7 /* Login */ = {
			isa = PBXGroup;
			children = (
				01B1C11829251F8E004DC323 /* LoginView.swift */,
				01B1C11629251F7F004DC323 /* LoginViewController.swift */,
			);
			path = Login;
			sourceTree = "<group>";
		};
		0172DD84292CF4EA00F9E3D7 /* Register */ = {
			isa = PBXGroup;
			children = (
				0172DD85292CF50B00F9E3D7 /* RegisterView.swift */,
				0172DD87292CF51B00F9E3D7 /* RegisterViewController.swift */,
			);
			path = Register;
			sourceTree = "<group>";
		};
		0172DD8B292D0BF000F9E3D7 /* Home */ = {
			isa = PBXGroup;
			children = (
				0172DD8C292D0C2900F9E3D7 /* HomeView.swift */,
				0172DD8F292D0C4300F9E3D7 /* HomeViewController.swift */,
			);
			path = Home;
			sourceTree = "<group>";
		};
		018E4BC3292F986400EFF95C /* NovaOcorrencia */ = {
			isa = PBXGroup;
			children = (
				018E4BCC292F9A4300EFF95C /* NovaOcorrenciaView.swift */,
				018E4BCE292F9A4F00EFF95C /* NovaOcorrenciaViewController.swift */,
			);
			path = NovaOcorrencia;
			sourceTree = "<group>";
		};
		018E4BC4292F998D00EFF95C /* Sobre */ = {
			isa = PBXGroup;
			children = (
				018E4BC8292F9A1F00EFF95C /* SobreView.swift */,
				018E4BCA292F9A2E00EFF95C /* SobreViewController.swift */,
			);
			path = Sobre;
			sourceTree = "<group>";
		};
		018E4BC5292F99B700EFF95C /* Tabbar */ = {
			isa = PBXGroup;
			children = (
				018E4BC6292F9A0400EFF95C /* TabbarController.swift */,
			);
			path = Tabbar;
			sourceTree = "<group>";
		};
		01B1C0D429251BDB004DC323 = {
			isa = PBXGroup;
			children = (
				01B1C0DF29251BDB004DC323 /* AppCBMDF */,
				01B1C0F929251BDD004DC323 /* AppCBMDFTests */,
				01B1C10329251BDD004DC323 /* AppCBMDFUITests */,
				01B1C0DE29251BDB004DC323 /* Products */,
			);
			sourceTree = "<group>";
		};
		01B1C0DE29251BDB004DC323 /* Products */ = {
			isa = PBXGroup;
			children = (
				01B1C0DD29251BDB004DC323 /* AppCBMDF.app */,
				01B1C0F629251BDD004DC323 /* AppCBMDFTests.xctest */,
				01B1C10029251BDD004DC323 /* AppCBMDFUITests.xctest */,
			);
			name = Products;
			sourceTree = "<group>";
		};
		01B1C0DF29251BDB004DC323 /* AppCBMDF */ = {
			isa = PBXGroup;
			children = (
				01B1C11329251F42004DC323 /* Resource */,
				01B1C12229266AAC004DC323 /* Source */,
				01B1C0F129251BDC004DC323 /* Info.plist */,
			);
			path = AppCBMDF;
			sourceTree = "<group>";
		};
		01B1C0F929251BDD004DC323 /* AppCBMDFTests */ = {
			isa = PBXGroup;
			children = (
				01B1C0FA29251BDD004DC323 /* AppCBMDFTests.swift */,
			);
			path = AppCBMDFTests;
			sourceTree = "<group>";
		};
		01B1C10329251BDD004DC323 /* AppCBMDFUITests */ = {
			isa = PBXGroup;
			children = (
				01B1C10429251BDD004DC323 /* AppCBMDFUITests.swift */,
				01B1C10629251BDD004DC323 /* AppCBMDFUITestsLaunchTests.swift */,
			);
			path = AppCBMDFUITests;
			sourceTree = "<group>";
		};
		01B1C11329251F42004DC323 /* Resource */ = {
			isa = PBXGroup;
			children = (
				01B1C0E029251BDB004DC323 /* AppDelegate.swift */,
				01B1C0E229251BDB004DC323 /* SceneDelegate.swift */,
				01B1C0E429251BDB004DC323 /* ViewController.swift */,
				01B1C0E629251BDB004DC323 /* Main.storyboard */,
				01B1C0EC29251BDC004DC323 /* Assets.xcassets */,
				01B1C0EE29251BDC004DC323 /* LaunchScreen.storyboard */,
				01B1C0E929251BDB004DC323 /* AppCBMDF.xcdatamodeld */,
			);
			path = Resource;
			sourceTree = "<group>";
		};
		01B1C11429251F4C004DC323 /* Coordinator */ = {
			isa = PBXGroup;
			children = (
				01B1C11A29251F9F004DC323 /* Coordinator.swift */,
				01B1C11C29251FAC004DC323 /* LoginCoordinator.swift */,
				0172DD89292CF53900F9E3D7 /* RegisterCoordinator.swift */,
				0172DD91292D0C7000F9E3D7 /* HomeCoordinator.swift */,
				018E4BD2292F9A8F00EFF95C /* TabbarCoordinator.swift */,
				018E4BD4292F9A9C00EFF95C /* SobreCoordinator.swift */,
				018E4BD0292F9A8100EFF95C /* NovaOcorrenciaCoordinator.swift */,
			);
			path = Coordinator;
			sourceTree = "<group>";
		};
		01B1C11529251F62004DC323 /* Controller */ = {
			isa = PBXGroup;
			children = (
				018E4BC5292F99B700EFF95C /* Tabbar */,
				018E4BC4292F998D00EFF95C /* Sobre */,
				018E4BC3292F986400EFF95C /* NovaOcorrencia */,
				0172DD8B292D0BF000F9E3D7 /* Home */,
				0172DD84292CF4EA00F9E3D7 /* Register */,
				0172DD83292CF4D500F9E3D7 /* Login */,
			);
			path = Controller;
			sourceTree = "<group>";
		};
		01B1C12229266AAC004DC323 /* Source */ = {
			isa = PBXGroup;
			children = (
				01B1C126292670D2004DC323 /* Infrastructure */,
				01B1C12329266AB9004DC323 /* Extensions */,
				01B1C11529251F62004DC323 /* Controller */,
				01B1C11429251F4C004DC323 /* Coordinator */,
			);
			path = Source;
			sourceTree = "<group>";
		};
		01B1C12329266AB9004DC323 /* Extensions */ = {
			isa = PBXGroup;
			children = (
				01B1C12429266B08004DC323 /* UIcolor+.swift */,
			);
			path = Extensions;
			sourceTree = "<group>";
		};
		01B1C126292670D2004DC323 /* Infrastructure */ = {
			isa = PBXGroup;
			children = (
				01B1C12729267194004DC323 /* ButtonDefault.swift */,
				01B1C12929267518004DC323 /* LabelDefault.swift */,
				01B1C12B29267585004DC323 /* TextFieldDefault.swift */,
				01B1C12D292675D9004DC323 /* ImageDefault.swift */,
				0172DD93292D0F9300F9E3D7 /* ViewControllerDefault.swift */,
				0172DD95292D139200F9E3D7 /* ViewDefault.swift */,
			);
			path = Infrastructure;
			sourceTree = "<group>";
		};
/* End PBXGroup section */

/* Begin PBXNativeTarget section */
		01B1C0DC29251BDB004DC323 /* AppCBMDF */ = {
			isa = PBXNativeTarget;
			buildConfigurationList = 01B1C10A29251BDD004DC323 /* Build configuration list for PBXNativeTarget "AppCBMDF" */;
			buildPhases = (
				01B1C0D929251BDB004DC323 /* Sources */,
				01B1C0DA29251BDB004DC323 /* Frameworks */,
				01B1C0DB29251BDB004DC323 /* Resources */,
			);
			buildRules = (
			);
			dependencies = (
			);
			name = AppCBMDF;
			productName = AppCBMDF;
			productReference = 01B1C0DD29251BDB004DC323 /* AppCBMDF.app */;
			productType = "com.apple.product-type.application";
		};
		01B1C0F529251BDD004DC323 /* AppCBMDFTests */ = {
			isa = PBXNativeTarget;
			buildConfigurationList = 01B1C10D29251BDD004DC323 /* Build configuration list for PBXNativeTarget "AppCBMDFTests" */;
			buildPhases = (
				01B1C0F229251BDD004DC323 /* Sources */,
				01B1C0F329251BDD004DC323 /* Frameworks */,
				01B1C0F429251BDD004DC323 /* Resources */,
			);
			buildRules = (
			);
			dependencies = (
				01B1C0F829251BDD004DC323 /* PBXTargetDependency */,
			);
			name = AppCBMDFTests;
			productName = AppCBMDFTests;
			productReference = 01B1C0F629251BDD004DC323 /* AppCBMDFTests.xctest */;
			productType = "com.apple.product-type.bundle.unit-test";
		};
		01B1C0FF29251BDD004DC323 /* AppCBMDFUITests */ = {
			isa = PBXNativeTarget;
			buildConfigurationList = 01B1C11029251BDD004DC323 /* Build configuration list for PBXNativeTarget "AppCBMDFUITests" */;
			buildPhases = (
				01B1C0FC29251BDD004DC323 /* Sources */,
				01B1C0FD29251BDD004DC323 /* Frameworks */,
				01B1C0FE29251BDD004DC323 /* Resources */,
			);
			buildRules = (
			);
			dependencies = (
				01B1C10229251BDD004DC323 /* PBXTargetDependency */,
			);
			name = AppCBMDFUITests;
			productName = AppCBMDFUITests;
			productReference = 01B1C10029251BDD004DC323 /* AppCBMDFUITests.xctest */;
			productType = "com.apple.product-type.bundle.ui-testing";
		};
/* End PBXNativeTarget section */

/* Begin PBXProject section */
		01B1C0D529251BDB004DC323 /* Project object */ = {
			isa = PBXProject;
			attributes = {
				BuildIndependentTargetsInParallel = 1;
				LastSwiftUpdateCheck = 1410;
				LastUpgradeCheck = 1410;
				TargetAttributes = {
					01B1C0DC29251BDB004DC323 = {
						CreatedOnToolsVersion = 14.1;
					};
					01B1C0F529251BDD004DC323 = {
						CreatedOnToolsVersion = 14.1;
						TestTargetID = 01B1C0DC29251BDB004DC323;
					};
					01B1C0FF29251BDD004DC323 = {
						CreatedOnToolsVersion = 14.1;
						TestTargetID = 01B1C0DC29251BDB004DC323;
					};
				};
			};
			buildConfigurationList = 01B1C0D829251BDB004DC323 /* Build configuration list for PBXProject "AppCBMDF" */;
			compatibilityVersion = "Xcode 14.0";
			developmentRegion = en;
			hasScannedForEncodings = 0;
			knownRegions = (
				en,
				Base,
			);
			mainGroup = 01B1C0D429251BDB004DC323;
			productRefGroup = 01B1C0DE29251BDB004DC323 /* Products */;
			projectDirPath = "";
			projectRoot = "";
			targets = (
				01B1C0DC29251BDB004DC323 /* AppCBMDF */,
				01B1C0F529251BDD004DC323 /* AppCBMDFTests */,
				01B1C0FF29251BDD004DC323 /* AppCBMDFUITests */,
			);
		};
/* End PBXProject section */

/* Begin PBXResourcesBuildPhase section */
		01B1C0DB29251BDB004DC323 /* Resources */ = {
			isa = PBXResourcesBuildPhase;
			buildActionMask = 2147483647;
			files = (
				01B1C0F029251BDC004DC323 /* LaunchScreen.storyboard in Resources */,
				01B1C0ED29251BDC004DC323 /* Assets.xcassets in Resources */,
				01B1C0E829251BDB004DC323 /* Main.storyboard in Resources */,
			);
			runOnlyForDeploymentPostprocessing = 0;
		};
		01B1C0F429251BDD004DC323 /* Resources */ = {
			isa = PBXResourcesBuildPhase;
			buildActionMask = 2147483647;
			files = (
			);
			runOnlyForDeploymentPostprocessing = 0;
		};
		01B1C0FE29251BDD004DC323 /* Resources */ = {
			isa = PBXResourcesBuildPhase;
			buildActionMask = 2147483647;
			files = (
			);
			runOnlyForDeploymentPostprocessing = 0;
		};
/* End PBXResourcesBuildPhase section */

/* Begin PBXSourcesBuildPhase section */
		01B1C0D929251BDB004DC323 /* Sources */ = {
			isa = PBXSourcesBuildPhase;
			buildActionMask = 2147483647;
			files = (
				01B1C11929251F8E004DC323 /* LoginView.swift in Sources */,
				01B1C0E529251BDB004DC323 /* ViewController.swift in Sources */,
				018E4BC9292F9A1F00EFF95C /* SobreView.swift in Sources */,
				0172DD94292D0F9300F9E3D7 /* ViewControllerDefault.swift in Sources */,
				01B1C0E129251BDB004DC323 /* AppDelegate.swift in Sources */,
				0172DD86292CF50B00F9E3D7 /* RegisterView.swift in Sources */,
				018E4BCB292F9A2F00EFF95C /* SobreViewController.swift in Sources */,
				01B1C0EB29251BDB004DC323 /* AppCBMDF.xcdatamodeld in Sources */,
				0172DD90292D0C4300F9E3D7 /* HomeViewController.swift in Sources */,
				018E4BCF292F9A4F00EFF95C /* NovaOcorrenciaViewController.swift in Sources */,
				018E4BD3292F9A8F00EFF95C /* TabbarCoordinator.swift in Sources */,
				0172DD8D292D0C2900F9E3D7 /* HomeView.swift in Sources */,
				01B1C11729251F80004DC323 /* LoginViewController.swift in Sources */,
				0172DD88292CF51B00F9E3D7 /* RegisterViewController.swift in Sources */,
				01B1C12A29267518004DC323 /* LabelDefault.swift in Sources */,
				0172DD96292D139200F9E3D7 /* ViewDefault.swift in Sources */,
				018E4BD1292F9A8100EFF95C /* NovaOcorrenciaCoordinator.swift in Sources */,
				018E4BCD292F9A4300EFF95C /* NovaOcorrenciaView.swift in Sources */,
				01B1C0E329251BDB004DC323 /* SceneDelegate.swift in Sources */,
				018E4BD5292F9A9C00EFF95C /* SobreCoordinator.swift in Sources */,
				018E4BC7292F9A0400EFF95C /* TabbarController.swift in Sources */,
				01B1C11D29251FAC004DC323 /* LoginCoordinator.swift in Sources */,
				01B1C12829267194004DC323 /* ButtonDefault.swift in Sources */,
				01B1C12529266B08004DC323 /* UIcolor+.swift in Sources */,
				01B1C12E292675D9004DC323 /* ImageDefault.swift in Sources */,
				0172DD8A292CF53900F9E3D7 /* RegisterCoordinator.swift in Sources */,
				01B1C11B29251F9F004DC323 /* Coordinator.swift in Sources */,
				01B1C12C29267585004DC323 /* TextFieldDefault.swift in Sources */,
				0172DD92292D0C7000F9E3D7 /* HomeCoordinator.swift in Sources */,
			);
			runOnlyForDeploymentPostprocessing = 0;
		};
		01B1C0F229251BDD004DC323 /* Sources */ = {
			isa = PBXSourcesBuildPhase;
			buildActionMask = 2147483647;
			files = (
				01B1C0FB29251BDD004DC323 /* AppCBMDFTests.swift in Sources */,
			);
			runOnlyForDeploymentPostprocessing = 0;
		};
		01B1C0FC29251BDD004DC323 /* Sources */ = {
			isa = PBXSourcesBuildPhase;
			buildActionMask = 2147483647;
			files = (
				01B1C10729251BDD004DC323 /* AppCBMDFUITestsLaunchTests.swift in Sources */,
				01B1C10529251BDD004DC323 /* AppCBMDFUITests.swift in Sources */,
			);
			runOnlyForDeploymentPostprocessing = 0;
		};
/* End PBXSourcesBuildPhase section */

/* Begin PBXTargetDependency section */
		01B1C0F829251BDD004DC323 /* PBXTargetDependency */ = {
			isa = PBXTargetDependency;
			target = 01B1C0DC29251BDB004DC323 /* AppCBMDF */;
			targetProxy = 01B1C0F729251BDD004DC323 /* PBXContainerItemProxy */;
		};
		01B1C10229251BDD004DC323 /* PBXTargetDependency */ = {
			isa = PBXTargetDependency;
			target = 01B1C0DC29251BDB004DC323 /* AppCBMDF */;
			targetProxy = 01B1C10129251BDD004DC323 /* PBXContainerItemProxy */;
		};
/* End PBXTargetDependency section */

/* Begin PBXVariantGroup section */
		01B1C0E629251BDB004DC323 /* Main.storyboard */ = {
			isa = PBXVariantGroup;
			children = (
				01B1C0E729251BDB004DC323 /* Base */,
			);
			name = Main.storyboard;
			sourceTree = "<group>";
		};
		01B1C0EE29251BDC004DC323 /* LaunchScreen.storyboard */ = {
			isa = PBXVariantGroup;
			children = (
				01B1C0EF29251BDC004DC323 /* Base */,
			);
			name = LaunchScreen.storyboard;
			sourceTree = "<group>";
		};
/* End PBXVariantGroup section */

/* Begin XCBuildConfiguration section */
		01B1C10829251BDD004DC323 /* Debug */ = {
			isa = XCBuildConfiguration;
			buildSettings = {
				ALWAYS_SEARCH_USER_PATHS = NO;
				CLANG_ANALYZER_NONNULL = YES;
				CLANG_ANALYZER_NUMBER_OBJECT_CONVERSION = YES_AGGRESSIVE;
				CLANG_CXX_LANGUAGE_STANDARD = "gnu++20";
				CLANG_ENABLE_MODULES = YES;
				CLANG_ENABLE_OBJC_ARC = YES;
				CLANG_ENABLE_OBJC_WEAK = YES;
				CLANG_WARN_BLOCK_CAPTURE_AUTORELEASING = YES;
				CLANG_WARN_BOOL_CONVERSION = YES;
				CLANG_WARN_COMMA = YES;
				CLANG_WARN_CONSTANT_CONVERSION = YES;
				CLANG_WARN_DEPRECATED_OBJC_IMPLEMENTATIONS = YES;
				CLANG_WARN_DIRECT_OBJC_ISA_USAGE = YES_ERROR;
				CLANG_WARN_DOCUMENTATION_COMMENTS = YES;
				CLANG_WARN_EMPTY_BODY = YES;
				CLANG_WARN_ENUM_CONVERSION = YES;
				CLANG_WARN_INFINITE_RECURSION = YES;
				CLANG_WARN_INT_CONVERSION = YES;
				CLANG_WARN_NON_LITERAL_NULL_CONVERSION = YES;
				CLANG_WARN_OBJC_IMPLICIT_RETAIN_SELF = YES;
				CLANG_WARN_OBJC_LITERAL_CONVERSION = YES;
				CLANG_WARN_OBJC_ROOT_CLASS = YES_ERROR;
				CLANG_WARN_QUOTED_INCLUDE_IN_FRAMEWORK_HEADER = YES;
				CLANG_WARN_RANGE_LOOP_ANALYSIS = YES;
				CLANG_WARN_STRICT_PROTOTYPES = YES;
				CLANG_WARN_SUSPICIOUS_MOVE = YES;
				CLANG_WARN_UNGUARDED_AVAILABILITY = YES_AGGRESSIVE;
				CLANG_WARN_UNREACHABLE_CODE = YES;
				CLANG_WARN__DUPLICATE_METHOD_MATCH = YES;
				COPY_PHASE_STRIP = NO;
				DEBUG_INFORMATION_FORMAT = dwarf;
				ENABLE_STRICT_OBJC_MSGSEND = YES;
				ENABLE_TESTABILITY = YES;
				GCC_C_LANGUAGE_STANDARD = gnu11;
				GCC_DYNAMIC_NO_PIC = NO;
				GCC_NO_COMMON_BLOCKS = YES;
				GCC_OPTIMIZATION_LEVEL = 0;
				GCC_PREPROCESSOR_DEFINITIONS = (
					"DEBUG=1",
					"$(inherited)",
				);
				GCC_WARN_64_TO_32_BIT_CONVERSION = YES;
				GCC_WARN_ABOUT_RETURN_TYPE = YES_ERROR;
				GCC_WARN_UNDECLARED_SELECTOR = YES;
				GCC_WARN_UNINITIALIZED_AUTOS = YES_AGGRESSIVE;
				GCC_WARN_UNUSED_FUNCTION = YES;
				GCC_WARN_UNUSED_VARIABLE = YES;
				IPHONEOS_DEPLOYMENT_TARGET = 16.1;
				MTL_ENABLE_DEBUG_INFO = INCLUDE_SOURCE;
				MTL_FAST_MATH = YES;
				ONLY_ACTIVE_ARCH = YES;
				SDKROOT = iphoneos;
				SWIFT_ACTIVE_COMPILATION_CONDITIONS = DEBUG;
				SWIFT_OPTIMIZATION_LEVEL = "-Onone";
			};
			name = Debug;
		};
		01B1C10929251BDD004DC323 /* Release */ = {
			isa = XCBuildConfiguration;
			buildSettings = {
				ALWAYS_SEARCH_USER_PATHS = NO;
				CLANG_ANALYZER_NONNULL = YES;
				CLANG_ANALYZER_NUMBER_OBJECT_CONVERSION = YES_AGGRESSIVE;
				CLANG_CXX_LANGUAGE_STANDARD = "gnu++20";
				CLANG_ENABLE_MODULES = YES;
				CLANG_ENABLE_OBJC_ARC = YES;
				CLANG_ENABLE_OBJC_WEAK = YES;
				CLANG_WARN_BLOCK_CAPTURE_AUTORELEASING = YES;
				CLANG_WARN_BOOL_CONVERSION = YES;
				CLANG_WARN_COMMA = YES;
				CLANG_WARN_CONSTANT_CONVERSION = YES;
				CLANG_WARN_DEPRECATED_OBJC_IMPLEMENTATIONS = YES;
				CLANG_WARN_DIRECT_OBJC_ISA_USAGE = YES_ERROR;
				CLANG_WARN_DOCUMENTATION_COMMENTS = YES;
				CLANG_WARN_EMPTY_BODY = YES;
				CLANG_WARN_ENUM_CONVERSION = YES;
				CLANG_WARN_INFINITE_RECURSION = YES;
				CLANG_WARN_INT_CONVERSION = YES;
				CLANG_WARN_NON_LITERAL_NULL_CONVERSION = YES;
				CLANG_WARN_OBJC_IMPLICIT_RETAIN_SELF = YES;
				CLANG_WARN_OBJC_LITERAL_CONVERSION = YES;
				CLANG_WARN_OBJC_ROOT_CLASS = YES_ERROR;
				CLANG_WARN_QUOTED_INCLUDE_IN_FRAMEWORK_HEADER = YES;
				CLANG_WARN_RANGE_LOOP_ANALYSIS = YES;
				CLANG_WARN_STRICT_PROTOTYPES = YES;
				CLANG_WARN_SUSPICIOUS_MOVE = YES;
				CLANG_WARN_UNGUARDED_AVAILABILITY = YES_AGGRESSIVE;
				CLANG_WARN_UNREACHABLE_CODE = YES;
				CLANG_WARN__DUPLICATE_METHOD_MATCH = YES;
				COPY_PHASE_STRIP = NO;
				DEBUG_INFORMATION_FORMAT = "dwarf-with-dsym";
				ENABLE_NS_ASSERTIONS = NO;
				ENABLE_STRICT_OBJC_MSGSEND = YES;
				GCC_C_LANGUAGE_STANDARD = gnu11;
				GCC_NO_COMMON_BLOCKS = YES;
				GCC_WARN_64_TO_32_BIT_CONVERSION = YES;
				GCC_WARN_ABOUT_RETURN_TYPE = YES_ERROR;
				GCC_WARN_UNDECLARED_SELECTOR = YES;
				GCC_WARN_UNINITIALIZED_AUTOS = YES_AGGRESSIVE;
				GCC_WARN_UNUSED_FUNCTION = YES;
				GCC_WARN_UNUSED_VARIABLE = YES;
				IPHONEOS_DEPLOYMENT_TARGET = 16.1;
				MTL_ENABLE_DEBUG_INFO = NO;
				MTL_FAST_MATH = YES;
				SDKROOT = iphoneos;
				SWIFT_COMPILATION_MODE = wholemodule;
				SWIFT_OPTIMIZATION_LEVEL = "-O";
				VALIDATE_PRODUCT = YES;
			};
			name = Release;
		};
		01B1C10B29251BDD004DC323 /* Debug */ = {
			isa = XCBuildConfiguration;
			buildSettings = {
				ASSETCATALOG_COMPILER_APPICON_NAME = AppIcon;
				ASSETCATALOG_COMPILER_GLOBAL_ACCENT_COLOR_NAME = AccentColor;
				CODE_SIGN_STYLE = Automatic;
				CURRENT_PROJECT_VERSION = 1;
				DEVELOPMENT_TEAM = FGV3D56336;
				GENERATE_INFOPLIST_FILE = YES;
				INFOPLIST_FILE = AppCBMDF/Info.plist;
				INFOPLIST_KEY_UIApplicationSupportsIndirectInputEvents = YES;
				INFOPLIST_KEY_UILaunchStoryboardName = LaunchScreen;
				INFOPLIST_KEY_UIMainStoryboardFile = Main;
				INFOPLIST_KEY_UISupportedInterfaceOrientations_iPad = "UIInterfaceOrientationPortrait UIInterfaceOrientationPortraitUpsideDown UIInterfaceOrientationLandscapeLeft UIInterfaceOrientationLandscapeRight";
				INFOPLIST_KEY_UISupportedInterfaceOrientations_iPhone = "UIInterfaceOrientationPortrait UIInterfaceOrientationLandscapeLeft UIInterfaceOrientationLandscapeRight";
				LD_RUNPATH_SEARCH_PATHS = (
					"$(inherited)",
					"@executable_path/Frameworks",
				);
				MARKETING_VERSION = 1.0;
				PRODUCT_BUNDLE_IDENTIFIER = br.gov.CBMDF.AppCBMDF;
				PRODUCT_NAME = "$(TARGET_NAME)";
				SWIFT_EMIT_LOC_STRINGS = YES;
				SWIFT_VERSION = 5.0;
				TARGETED_DEVICE_FAMILY = "1,2";
			};
			name = Debug;
		};
		01B1C10C29251BDD004DC323 /* Release */ = {
			isa = XCBuildConfiguration;
			buildSettings = {
				ASSETCATALOG_COMPILER_APPICON_NAME = AppIcon;
				ASSETCATALOG_COMPILER_GLOBAL_ACCENT_COLOR_NAME = AccentColor;
				CODE_SIGN_STYLE = Automatic;
				CURRENT_PROJECT_VERSION = 1;
				DEVELOPMENT_TEAM = FGV3D56336;
				GENERATE_INFOPLIST_FILE = YES;
				INFOPLIST_FILE = AppCBMDF/Info.plist;
				INFOPLIST_KEY_UIApplicationSupportsIndirectInputEvents = YES;
				INFOPLIST_KEY_UILaunchStoryboardName = LaunchScreen;
				INFOPLIST_KEY_UIMainStoryboardFile = Main;
				INFOPLIST_KEY_UISupportedInterfaceOrientations_iPad = "UIInterfaceOrientationPortrait UIInterfaceOrientationPortraitUpsideDown UIInterfaceOrientationLandscapeLeft UIInterfaceOrientationLandscapeRight";
				INFOPLIST_KEY_UISupportedInterfaceOrientations_iPhone = "UIInterfaceOrientationPortrait UIInterfaceOrientationLandscapeLeft UIInterfaceOrientationLandscapeRight";
				LD_RUNPATH_SEARCH_PATHS = (
					"$(inherited)",
					"@executable_path/Frameworks",
				);
				MARKETING_VERSION = 1.0;
				PRODUCT_BUNDLE_IDENTIFIER = br.gov.CBMDF.AppCBMDF;
				PRODUCT_NAME = "$(TARGET_NAME)";
				SWIFT_EMIT_LOC_STRINGS = YES;
				SWIFT_VERSION = 5.0;
				TARGETED_DEVICE_FAMILY = "1,2";
			};
			name = Release;
		};
		01B1C10E29251BDD004DC323 /* Debug */ = {
			isa = XCBuildConfiguration;
			buildSettings = {
				ALWAYS_EMBED_SWIFT_STANDARD_LIBRARIES = YES;
				BUNDLE_LOADER = "$(TEST_HOST)";
				CODE_SIGN_STYLE = Automatic;
				CURRENT_PROJECT_VERSION = 1;
				DEVELOPMENT_TEAM = FGV3D56336;
				GENERATE_INFOPLIST_FILE = YES;
				IPHONEOS_DEPLOYMENT_TARGET = 16.1;
				MARKETING_VERSION = 1.0;
				PRODUCT_BUNDLE_IDENTIFIER = br.gov.CBMDF.AppCBMDFTests;
				PRODUCT_NAME = "$(TARGET_NAME)";
				SWIFT_EMIT_LOC_STRINGS = NO;
				SWIFT_VERSION = 5.0;
				TARGETED_DEVICE_FAMILY = "1,2";
				TEST_HOST = "$(BUILT_PRODUCTS_DIR)/AppCBMDF.app/$(BUNDLE_EXECUTABLE_FOLDER_PATH)/AppCBMDF";
			};
			name = Debug;
		};
		01B1C10F29251BDD004DC323 /* Release */ = {
			isa = XCBuildConfiguration;
			buildSettings = {
				ALWAYS_EMBED_SWIFT_STANDARD_LIBRARIES = YES;
				BUNDLE_LOADER = "$(TEST_HOST)";
				CODE_SIGN_STYLE = Automatic;
				CURRENT_PROJECT_VERSION = 1;
				DEVELOPMENT_TEAM = FGV3D56336;
				GENERATE_INFOPLIST_FILE = YES;
				IPHONEOS_DEPLOYMENT_TARGET = 16.1;
				MARKETING_VERSION = 1.0;
				PRODUCT_BUNDLE_IDENTIFIER = br.gov.CBMDF.AppCBMDFTests;
				PRODUCT_NAME = "$(TARGET_NAME)";
				SWIFT_EMIT_LOC_STRINGS = NO;
				SWIFT_VERSION = 5.0;
				TARGETED_DEVICE_FAMILY = "1,2";
				TEST_HOST = "$(BUILT_PRODUCTS_DIR)/AppCBMDF.app/$(BUNDLE_EXECUTABLE_FOLDER_PATH)/AppCBMDF";
			};
			name = Release;
		};
		01B1C11129251BDD004DC323 /* Debug */ = {
			isa = XCBuildConfiguration;
			buildSettings = {
				ALWAYS_EMBED_SWIFT_STANDARD_LIBRARIES = YES;
				CODE_SIGN_STYLE = Automatic;
				CURRENT_PROJECT_VERSION = 1;
				DEVELOPMENT_TEAM = FGV3D56336;
				GENERATE_INFOPLIST_FILE = YES;
				MARKETING_VERSION = 1.0;
				PRODUCT_BUNDLE_IDENTIFIER = br.gov.CBMDF.AppCBMDFUITests;
				PRODUCT_NAME = "$(TARGET_NAME)";
				SWIFT_EMIT_LOC_STRINGS = NO;
				SWIFT_VERSION = 5.0;
				TARGETED_DEVICE_FAMILY = "1,2";
				TEST_TARGET_NAME = AppCBMDF;
			};
			name = Debug;
		};
		01B1C11229251BDD004DC323 /* Release */ = {
			isa = XCBuildConfiguration;
			buildSettings = {
				ALWAYS_EMBED_SWIFT_STANDARD_LIBRARIES = YES;
				CODE_SIGN_STYLE = Automatic;
				CURRENT_PROJECT_VERSION = 1;
				DEVELOPMENT_TEAM = FGV3D56336;
				GENERATE_INFOPLIST_FILE = YES;
				MARKETING_VERSION = 1.0;
				PRODUCT_BUNDLE_IDENTIFIER = br.gov.CBMDF.AppCBMDFUITests;
				PRODUCT_NAME = "$(TARGET_NAME)";
				SWIFT_EMIT_LOC_STRINGS = NO;
				SWIFT_VERSION = 5.0;
				TARGETED_DEVICE_FAMILY = "1,2";
				TEST_TARGET_NAME = AppCBMDF;
			};
			name = Release;
		};
/* End XCBuildConfiguration section */

/* Begin XCConfigurationList section */
		01B1C0D829251BDB004DC323 /* Build configuration list for PBXProject "AppCBMDF" */ = {
			isa = XCConfigurationList;
			buildConfigurations = (
				01B1C10829251BDD004DC323 /* Debug */,
				01B1C10929251BDD004DC323 /* Release */,
			);
			defaultConfigurationIsVisible = 0;
			defaultConfigurationName = Release;
		};
		01B1C10A29251BDD004DC323 /* Build configuration list for PBXNativeTarget "AppCBMDF" */ = {
			isa = XCConfigurationList;
			buildConfigurations = (
				01B1C10B29251BDD004DC323 /* Debug */,
				01B1C10C29251BDD004DC323 /* Release */,
			);
			defaultConfigurationIsVisible = 0;
			defaultConfigurationName = Release;
		};
		01B1C10D29251BDD004DC323 /* Build configuration list for PBXNativeTarget "AppCBMDFTests" */ = {
			isa = XCConfigurationList;
			buildConfigurations = (
				01B1C10E29251BDD004DC323 /* Debug */,
				01B1C10F29251BDD004DC323 /* Release */,
			);
			defaultConfigurationIsVisible = 0;
			defaultConfigurationName = Release;
		};
		01B1C11029251BDD004DC323 /* Build configuration list for PBXNativeTarget "AppCBMDFUITests" */ = {
			isa = XCConfigurationList;
			buildConfigurations = (
				01B1C11129251BDD004DC323 /* Debug */,
				01B1C11229251BDD004DC323 /* Release */,
			);
			defaultConfigurationIsVisible = 0;
			defaultConfigurationName = Release;
		};
/* End XCConfigurationList section */

/* Begin XCVersionGroup section */
		01B1C0E929251BDB004DC323 /* AppCBMDF.xcdatamodeld */ = {
			isa = XCVersionGroup;
			children = (
				01B1C0EA29251BDB004DC323 /* AppCBMDF.xcdatamodel */,
			);
			currentVersion = 01B1C0EA29251BDB004DC323 /* AppCBMDF.xcdatamodel */;
			path = AppCBMDF.xcdatamodeld;
			sourceTree = "<group>";
			versionGroupType = wrapper.xcdatamodel;
		};
/* End XCVersionGroup section */
	};
	rootObject = 01B1C0D529251BDB004DC323 /* Project object */;
}
